
Microsoft Visual Studio Solution File, Format Version 12.00
# Visual Studio 14
VisualStudioVersion = 14.0.22310.1
MinimumVisualStudioVersion = 10.0.40219.1
Project("{FAE04EC0-301F-11D3-BF4B-00C04F79EFBC}") = "ProjetoI", "ProjetoI\ProjetoI.csproj", "{FDEC1C1A-05C4-4E82-8EFE-860957356150}"
EndProject
Global
	GlobalSection(SolutionConfigurationPlatforms) = preSolution
		Debug|Any CPU = Debug|Any CPU
		Release|Any CPU = Release|Any CPU
	EndGlobalSection
	GlobalSection(ProjectConfigurationPlatforms) = postSolution
		{FDEC1C1A-05C4-4E82-8EFE-860957356150}.Debug|Any CPU.ActiveCfg = Debug|Any CPU
		{FDEC1C1A-05C4-4E82-8EFE-860957356150}.Debug|Any CPU.Build.0 = Debug|Any CPU
		{FDEC1C1A-05C4-4E82-8EFE-860957356150}.Release|Any CPU.ActiveCfg = Release|Any CPU
		{FDEC1C1A-05C4-4E82-8EFE-860957356150}.Release|Any CPU.Build.0 = Release|Any CPU
	EndGlobalSection
	GlobalSection(SolutionProperties) = preSolution
		HideSolutionNode = FALSE
	EndGlobalSection
EndGlobal
